
Microsoft Visual Studio Solution File, Format Version 12.00
# Visual Studio 15
VisualStudioVersion = 15.0.27428.2015
MinimumVisualStudioVersion = 10.0.40219.1
Project("{8BC9CEB8-8B4A-11D0-8D11-00A0C91BC942}") = "Battle_Robots", "Battle_Robots\Battle_Robots.vcxproj", "{0E706686-42DB-4F55-815A-6A324BC68B45}"
EndProject
Project("{2150E333-8FDC-42A3-9474-1A3956D46DE8}") = "Robots", "Robots", "{3A4F67F5-222F-4868-88EB-456F5728916E}"
EndProject
Project("{8BC9CEB8-8B4A-11D0-8D11-00A0C91BC942}") = "BaseRobot", "Robots\BaseRobot\BaseRobot.vcxproj", "{A3828321-6424-489C-9BBA-763ED8184D95}"
EndProject
Project("{8BC9CEB8-8B4A-11D0-8D11-00A0C91BC942}") = "01", "Robots\01\01.vcxproj", "{18951763-2DAC-4DEF-B107-391B3016FF2D}"
EndProject
Project("{8BC9CEB8-8B4A-11D0-8D11-00A0C91BC942}") = "02", "Robots\02\02.vcxproj", "{90B7887B-BB90-49AD-814D-9307ABBC75FE}"
EndProject
Project("{8BC9CEB8-8B4A-11D0-8D11-00A0C91BC942}") = "03", "Robots\03\03.vcxproj", "{C74E0147-5239-4598-A336-DF82E752AD44}"
EndProject
Project("{8BC9CEB8-8B4A-11D0-8D11-00A0C91BC942}") = "04", "Robots\04\04.vcxproj", "{214D664A-8D01-4497-8DF1-95B65D362A02}"
EndProject
Project("{8BC9CEB8-8B4A-11D0-8D11-00A0C91BC942}") = "05", "Robots\05\05.vcxproj", "{E19A2C9A-7854-46F6-B5AB-22BFC657229A}"
EndProject
Project("{8BC9CEB8-8B4A-11D0-8D11-00A0C91BC942}") = "06", "Robots\06\06.vcxproj", "{35D8B2B7-BD0E-4DDC-8D8A-9F30C9ADD82F}"
EndProject
Project("{8BC9CEB8-8B4A-11D0-8D11-00A0C91BC942}") = "07", "Robots\07\07.vcxproj", "{39F0473E-6695-4DA3-9945-539CFCB2FA2C}"
EndProject
Project("{8BC9CEB8-8B4A-11D0-8D11-00A0C91BC942}") = "08", "Robots\08\08.vcxproj", "{A3AC5F0D-DB55-462A-87B4-C454E499DA8C}"
EndProject
Project("{8BC9CEB8-8B4A-11D0-8D11-00A0C91BC942}") = "09", "Robots\09\09.vcxproj", "{07F6440B-5D64-4B64-852F-E6BEF2168115}"
EndProject
Project("{8BC9CEB8-8B4A-11D0-8D11-00A0C91BC942}") = "10", "Robots\10\10.vcxproj", "{8D9102A1-771D-4C75-B7BC-FFC1068DCF4C}"
EndProject
Project("{8BC9CEB8-8B4A-11D0-8D11-00A0C91BC942}") = "11", "Robots\11\11.vcxproj", "{98B972AA-7008-4BE9-8E5E-0C777020B5F0}"
EndProject
Project("{8BC9CEB8-8B4A-11D0-8D11-00A0C91BC942}") = "12", "Robots\12\12.vcxproj", "{8549C460-4CC3-4F8F-983C-2A9E00B4DEFF}"
EndProject
Project("{8BC9CEB8-8B4A-11D0-8D11-00A0C91BC942}") = "13", "Robots\13\13.vcxproj", "{4C9AC691-B7CF-4781-9AE3-90EA0ADD985E}"
EndProject
Project("{8BC9CEB8-8B4A-11D0-8D11-00A0C91BC942}") = "14", "Robots\14\14.vcxproj", "{FCFBDD48-4613-4F20-AC7E-F81B562CD156}"
EndProject
Project("{8BC9CEB8-8B4A-11D0-8D11-00A0C91BC942}") = "15", "Robots\15\15.vcxproj", "{ABE4B5C8-68E8-43DD-8F3D-2AB50BA16153}"
EndProject
Project("{8BC9CEB8-8B4A-11D0-8D11-00A0C91BC942}") = "16", "Robots\16\16.vcxproj", "{87C1CC93-55B2-4E03-93F6-75BA6CF4BA1A}"
EndProject
Project("{8BC9CEB8-8B4A-11D0-8D11-00A0C91BC942}") = "17", "Robots\17\17.vcxproj", "{6BC68FFF-D6CD-420C-A02A-11D00C59FCE8}"
EndProject
Project("{8BC9CEB8-8B4A-11D0-8D11-00A0C91BC942}") = "18", "Robots\18\18.vcxproj", "{3A530FD6-9F62-4DA3-9052-C84981182779}"
EndProject
Project("{8BC9CEB8-8B4A-11D0-8D11-00A0C91BC942}") = "19", "Robots\19\19.vcxproj", "{71849D88-41EA-4509-8F59-A97EF3F7425A}"
EndProject
Global
	GlobalSection(SolutionConfigurationPlatforms) = preSolution
		Debug|x64 = Debug|x64
		Debug|x86 = Debug|x86
		Release|x64 = Release|x64
		Release|x86 = Release|x86
	EndGlobalSection
	GlobalSection(ProjectConfigurationPlatforms) = postSolution
		{0E706686-42DB-4F55-815A-6A324BC68B45}.Debug|x64.ActiveCfg = Debug|x64
		{0E706686-42DB-4F55-815A-6A324BC68B45}.Debug|x64.Build.0 = Debug|x64
		{0E706686-42DB-4F55-815A-6A324BC68B45}.Debug|x86.ActiveCfg = Debug|Win32
		{0E706686-42DB-4F55-815A-6A324BC68B45}.Debug|x86.Build.0 = Debug|Win32
		{0E706686-42DB-4F55-815A-6A324BC68B45}.Release|x64.ActiveCfg = Release|x64
		{0E706686-42DB-4F55-815A-6A324BC68B45}.Release|x64.Build.0 = Release|x64
		{0E706686-42DB-4F55-815A-6A324BC68B45}.Release|x86.ActiveCfg = Release|Win32
		{0E706686-42DB-4F55-815A-6A324BC68B45}.Release|x86.Build.0 = Release|Win32
		{A3828321-6424-489C-9BBA-763ED8184D95}.Debug|x64.ActiveCfg = Debug|x64
		{A3828321-6424-489C-9BBA-763ED8184D95}.Debug|x64.Build.0 = Debug|x64
		{A3828321-6424-489C-9BBA-763ED8184D95}.Debug|x86.ActiveCfg = Debug|Win32
		{A3828321-6424-489C-9BBA-763ED8184D95}.Debug|x86.Build.0 = Debug|Win32
		{A3828321-6424-489C-9BBA-763ED8184D95}.Release|x64.ActiveCfg = Release|x64
		{A3828321-6424-489C-9BBA-763ED8184D95}.Release|x64.Build.0 = Release|x64
		{A3828321-6424-489C-9BBA-763ED8184D95}.Release|x86.ActiveCfg = Release|Win32
		{A3828321-6424-489C-9BBA-763ED8184D95}.Release|x86.Build.0 = Release|Win32
		{18951763-2DAC-4DEF-B107-391B3016FF2D}.Debug|x64.ActiveCfg = Debug|x64
		{18951763-2DAC-4DEF-B107-391B3016FF2D}.Debug|x64.Build.0 = Debug|x64
		{18951763-2DAC-4DEF-B107-391B3016FF2D}.Debug|x86.ActiveCfg = Debug|Win32
		{18951763-2DAC-4DEF-B107-391B3016FF2D}.Debug|x86.Build.0 = Debug|Win32
		{18951763-2DAC-4DEF-B107-391B3016FF2D}.Release|x64.ActiveCfg = Release|x64
		{18951763-2DAC-4DEF-B107-391B3016FF2D}.Release|x64.Build.0 = Release|x64
		{18951763-2DAC-4DEF-B107-391B3016FF2D}.Release|x86.ActiveCfg = Release|Win32
		{18951763-2DAC-4DEF-B107-391B3016FF2D}.Release|x86.Build.0 = Release|Win32
		{90B7887B-BB90-49AD-814D-9307ABBC75FE}.Debug|x64.ActiveCfg = Debug|x64
		{90B7887B-BB90-49AD-814D-9307ABBC75FE}.Debug|x64.Build.0 = Debug|x64
		{90B7887B-BB90-49AD-814D-9307ABBC75FE}.Debug|x86.ActiveCfg = Debug|Win32
		{90B7887B-BB90-49AD-814D-9307ABBC75FE}.Debug|x86.Build.0 = Debug|Win32
		{90B7887B-BB90-49AD-814D-9307ABBC75FE}.Release|x64.ActiveCfg = Release|x64
		{90B7887B-BB90-49AD-814D-9307ABBC75FE}.Release|x64.Build.0 = Release|x64
		{90B7887B-BB90-49AD-814D-9307ABBC75FE}.Release|x86.ActiveCfg = Release|Win32
		{90B7887B-BB90-49AD-814D-9307ABBC75FE}.Release|x86.Build.0 = Release|Win32
		{C74E0147-5239-4598-A336-DF82E752AD44}.Debug|x64.ActiveCfg = Debug|x64
		{C74E0147-5239-4598-A336-DF82E752AD44}.Debug|x64.Build.0 = Debug|x64
		{C74E0147-5239-4598-A336-DF82E752AD44}.Debug|x86.ActiveCfg = Debug|Win32
		{C74E0147-5239-4598-A336-DF82E752AD44}.Debug|x86.Build.0 = Debug|Win32
		{C74E0147-5239-4598-A336-DF82E752AD44}.Release|x64.ActiveCfg = Release|x64
		{C74E0147-5239-4598-A336-DF82E752AD44}.Release|x64.Build.0 = Release|x64
		{C74E0147-5239-4598-A336-DF82E752AD44}.Release|x86.ActiveCfg = Release|Win32
		{C74E0147-5239-4598-A336-DF82E752AD44}.Release|x86.Build.0 = Release|Win32
		{214D664A-8D01-4497-8DF1-95B65D362A02}.Debug|x64.ActiveCfg = Debug|x64
		{214D664A-8D01-4497-8DF1-95B65D362A02}.Debug|x64.Build.0 = Debug|x64
		{214D664A-8D01-4497-8DF1-95B65D362A02}.Debug|x86.ActiveCfg = Debug|Win32
		{214D664A-8D01-4497-8DF1-95B65D362A02}.Debug|x86.Build.0 = Debug|Win32
		{214D664A-8D01-4497-8DF1-95B65D362A02}.Release|x64.ActiveCfg = Release|x64
		{214D664A-8D01-4497-8DF1-95B65D362A02}.Release|x64.Build.0 = Release|x64
		{214D664A-8D01-4497-8DF1-95B65D362A02}.Release|x86.ActiveCfg = Release|Win32
		{214D664A-8D01-4497-8DF1-95B65D362A02}.Release|x86.Build.0 = Release|Win32
		{E19A2C9A-7854-46F6-B5AB-22BFC657229A}.Debug|x64.ActiveCfg = Debug|x64
		{E19A2C9A-7854-46F6-B5AB-22BFC657229A}.Debug|x64.Build.0 = Debug|x64
		{E19A2C9A-7854-46F6-B5AB-22BFC657229A}.Debug|x86.ActiveCfg = Debug|Win32
		{E19A2C9A-7854-46F6-B5AB-22BFC657229A}.Debug|x86.Build.0 = Debug|Win32
		{E19A2C9A-7854-46F6-B5AB-22BFC657229A}.Release|x64.ActiveCfg = Release|x64
		{E19A2C9A-7854-46F6-B5AB-22BFC657229A}.Release|x64.Build.0 = Release|x64
		{E19A2C9A-7854-46F6-B5AB-22BFC657229A}.Release|x86.ActiveCfg = Release|Win32
		{E19A2C9A-7854-46F6-B5AB-22BFC657229A}.Release|x86.Build.0 = Release|Win32
		{35D8B2B7-BD0E-4DDC-8D8A-9F30C9ADD82F}.Debug|x64.ActiveCfg = Debug|x64
		{35D8B2B7-BD0E-4DDC-8D8A-9F30C9ADD82F}.Debug|x64.Build.0 = Debug|x64
		{35D8B2B7-BD0E-4DDC-8D8A-9F30C9ADD82F}.Debug|x86.ActiveCfg = Debug|Win32
		{35D8B2B7-BD0E-4DDC-8D8A-9F30C9ADD82F}.Debug|x86.Build.0 = Debug|Win32
		{35D8B2B7-BD0E-4DDC-8D8A-9F30C9ADD82F}.Release|x64.ActiveCfg = Release|x64
		{35D8B2B7-BD0E-4DDC-8D8A-9F30C9ADD82F}.Release|x64.Build.0 = Release|x64
		{35D8B2B7-BD0E-4DDC-8D8A-9F30C9ADD82F}.Release|x86.ActiveCfg = Release|Win32
		{35D8B2B7-BD0E-4DDC-8D8A-9F30C9ADD82F}.Release|x86.Build.0 = Release|Win32
		{39F0473E-6695-4DA3-9945-539CFCB2FA2C}.Debug|x64.ActiveCfg = Debug|x64
		{39F0473E-6695-4DA3-9945-539CFCB2FA2C}.Debug|x64.Build.0 = Debug|x64
		{39F0473E-6695-4DA3-9945-539CFCB2FA2C}.Debug|x86.ActiveCfg = Debug|Win32
		{39F0473E-6695-4DA3-9945-539CFCB2FA2C}.Debug|x86.Build.0 = Debug|Win32
		{39F0473E-6695-4DA3-9945-539CFCB2FA2C}.Release|x64.ActiveCfg = Release|x64
		{39F0473E-6695-4DA3-9945-539CFCB2FA2C}.Release|x64.Build.0 = Release|x64
		{39F0473E-6695-4DA3-9945-539CFCB2FA2C}.Release|x86.ActiveCfg = Release|Win32
		{39F0473E-6695-4DA3-9945-539CFCB2FA2C}.Release|x86.Build.0 = Release|Win32
		{A3AC5F0D-DB55-462A-87B4-C454E499DA8C}.Debug|x64.ActiveCfg = Debug|x64
		{A3AC5F0D-DB55-462A-87B4-C454E499DA8C}.Debug|x64.Build.0 = Debug|x64
		{A3AC5F0D-DB55-462A-87B4-C454E499DA8C}.Debug|x86.ActiveCfg = Debug|Win32
		{A3AC5F0D-DB55-462A-87B4-C454E499DA8C}.Debug|x86.Build.0 = Debug|Win32
		{A3AC5F0D-DB55-462A-87B4-C454E499DA8C}.Release|x64.ActiveCfg = Release|x64
		{A3AC5F0D-DB55-462A-87B4-C454E499DA8C}.Release|x64.Build.0 = Release|x64
		{A3AC5F0D-DB55-462A-87B4-C454E499DA8C}.Release|x86.ActiveCfg = Release|Win32
		{A3AC5F0D-DB55-462A-87B4-C454E499DA8C}.Release|x86.Build.0 = Release|Win32
		{07F6440B-5D64-4B64-852F-E6BEF2168115}.Debug|x64.ActiveCfg = Debug|x64
		{07F6440B-5D64-4B64-852F-E6BEF2168115}.Debug|x64.Build.0 = Debug|x64
		{07F6440B-5D64-4B64-852F-E6BEF2168115}.Debug|x86.ActiveCfg = Debug|Win32
		{07F6440B-5D64-4B64-852F-E6BEF2168115}.Debug|x86.Build.0 = Debug|Win32
		{07F6440B-5D64-4B64-852F-E6BEF2168115}.Release|x64.ActiveCfg = Release|x64
		{07F6440B-5D64-4B64-852F-E6BEF2168115}.Release|x64.Build.0 = Release|x64
		{07F6440B-5D64-4B64-852F-E6BEF2168115}.Release|x86.ActiveCfg = Release|Win32
		{07F6440B-5D64-4B64-852F-E6BEF2168115}.Release|x86.Build.0 = Release|Win32
		{8D9102A1-771D-4C75-B7BC-FFC1068DCF4C}.Debug|x64.ActiveCfg = Debug|x64
		{8D9102A1-771D-4C75-B7BC-FFC1068DCF4C}.Debug|x64.Build.0 = Debug|x64
		{8D9102A1-771D-4C75-B7BC-FFC1068DCF4C}.Debug|x86.ActiveCfg = Debug|Win32
		{8D9102A1-771D-4C75-B7BC-FFC1068DCF4C}.Debug|x86.Build.0 = Debug|Win32
		{8D9102A1-771D-4C75-B7BC-FFC1068DCF4C}.Release|x64.ActiveCfg = Release|x64
		{8D9102A1-771D-4C75-B7BC-FFC1068DCF4C}.Release|x64.Build.0 = Release|x64
		{8D9102A1-771D-4C75-B7BC-FFC1068DCF4C}.Release|x86.ActiveCfg = Release|Win32
		{8D9102A1-771D-4C75-B7BC-FFC1068DCF4C}.Release|x86.Build.0 = Release|Win32
		{98B972AA-7008-4BE9-8E5E-0C777020B5F0}.Debug|x64.ActiveCfg = Debug|x64
		{98B972AA-7008-4BE9-8E5E-0C777020B5F0}.Debug|x64.Build.0 = Debug|x64
		{98B972AA-7008-4BE9-8E5E-0C777020B5F0}.Debug|x86.ActiveCfg = Debug|Win32
		{98B972AA-7008-4BE9-8E5E-0C777020B5F0}.Debug|x86.Build.0 = Debug|Win32
		{98B972AA-7008-4BE9-8E5E-0C777020B5F0}.Release|x64.ActiveCfg = Release|x64
		{98B972AA-7008-4BE9-8E5E-0C777020B5F0}.Release|x64.Build.0 = Release|x64
		{98B972AA-7008-4BE9-8E5E-0C777020B5F0}.Release|x86.ActiveCfg = Release|Win32
		{98B972AA-7008-4BE9-8E5E-0C777020B5F0}.Release|x86.Build.0 = Release|Win32
		{8549C460-4CC3-4F8F-983C-2A9E00B4DEFF}.Debug|x64.ActiveCfg = Debug|x64
		{8549C460-4CC3-4F8F-983C-2A9E00B4DEFF}.Debug|x64.Build.0 = Debug|x64
		{8549C460-4CC3-4F8F-983C-2A9E00B4DEFF}.Debug|x86.ActiveCfg = Debug|Win32
		{8549C460-4CC3-4F8F-983C-2A9E00B4DEFF}.Debug|x86.Build.0 = Debug|Win32
		{8549C460-4CC3-4F8F-983C-2A9E00B4DEFF}.Release|x64.ActiveCfg = Release|x64
		{8549C460-4CC3-4F8F-983C-2A9E00B4DEFF}.Release|x64.Build.0 = Release|x64
		{8549C460-4CC3-4F8F-983C-2A9E00B4DEFF}.Release|x86.ActiveCfg = Release|Win32
		{8549C460-4CC3-4F8F-983C-2A9E00B4DEFF}.Release|x86.Build.0 = Release|Win32
		{4C9AC691-B7CF-4781-9AE3-90EA0ADD985E}.Debug|x64.ActiveCfg = Debug|x64
		{4C9AC691-B7CF-4781-9AE3-90EA0ADD985E}.Debug|x64.Build.0 = Debug|x64
		{4C9AC691-B7CF-4781-9AE3-90EA0ADD985E}.Debug|x86.ActiveCfg = Debug|Win32
		{4C9AC691-B7CF-4781-9AE3-90EA0ADD985E}.Debug|x86.Build.0 = Debug|Win32
		{4C9AC691-B7CF-4781-9AE3-90EA0ADD985E}.Release|x64.ActiveCfg = Release|x64
		{4C9AC691-B7CF-4781-9AE3-90EA0ADD985E}.Release|x64.Build.0 = Release|x64
		{4C9AC691-B7CF-4781-9AE3-90EA0ADD985E}.Release|x86.ActiveCfg = Release|Win32
		{4C9AC691-B7CF-4781-9AE3-90EA0ADD985E}.Release|x86.Build.0 = Release|Win32
		{FCFBDD48-4613-4F20-AC7E-F81B562CD156}.Debug|x64.ActiveCfg = Debug|x64
		{FCFBDD48-4613-4F20-AC7E-F81B562CD156}.Debug|x64.Build.0 = Debug|x64
		{FCFBDD48-4613-4F20-AC7E-F81B562CD156}.Debug|x86.ActiveCfg = Debug|Win32
		{FCFBDD48-4613-4F20-AC7E-F81B562CD156}.Debug|x86.Build.0 = Debug|Win32
		{FCFBDD48-4613-4F20-AC7E-F81B562CD156}.Release|x64.ActiveCfg = Release|x64
		{FCFBDD48-4613-4F20-AC7E-F81B562CD156}.Release|x64.Build.0 = Release|x64
		{FCFBDD48-4613-4F20-AC7E-F81B562CD156}.Release|x86.ActiveCfg = Release|Win32
		{FCFBDD48-4613-4F20-AC7E-F81B562CD156}.Release|x86.Build.0 = Release|Win32
		{ABE4B5C8-68E8-43DD-8F3D-2AB50BA16153}.Debug|x64.ActiveCfg = Debug|x64
		{ABE4B5C8-68E8-43DD-8F3D-2AB50BA16153}.Debug|x64.Build.0 = Debug|x64
		{ABE4B5C8-68E8-43DD-8F3D-2AB50BA16153}.Debug|x86.ActiveCfg = Debug|Win32
		{ABE4B5C8-68E8-43DD-8F3D-2AB50BA16153}.Debug|x86.Build.0 = Debug|Win32
		{ABE4B5C8-68E8-43DD-8F3D-2AB50BA16153}.Release|x64.ActiveCfg = Release|x64
		{ABE4B5C8-68E8-43DD-8F3D-2AB50BA16153}.Release|x64.Build.0 = Release|x64
		{ABE4B5C8-68E8-43DD-8F3D-2AB50BA16153}.Release|x86.ActiveCfg = Release|Win32
		{ABE4B5C8-68E8-43DD-8F3D-2AB50BA16153}.Release|x86.Build.0 = Release|Win32
		{87C1CC93-55B2-4E03-93F6-75BA6CF4BA1A}.Debug|x64.ActiveCfg = Debug|x64
		{87C1CC93-55B2-4E03-93F6-75BA6CF4BA1A}.Debug|x64.Build.0 = Debug|x64
		{87C1CC93-55B2-4E03-93F6-75BA6CF4BA1A}.Debug|x86.ActiveCfg = Debug|Win32
		{87C1CC93-55B2-4E03-93F6-75BA6CF4BA1A}.Debug|x86.Build.0 = Debug|Win32
		{87C1CC93-55B2-4E03-93F6-75BA6CF4BA1A}.Release|x64.ActiveCfg = Release|x64
		{87C1CC93-55B2-4E03-93F6-75BA6CF4BA1A}.Release|x64.Build.0 = Release|x64
		{87C1CC93-55B2-4E03-93F6-75BA6CF4BA1A}.Release|x86.ActiveCfg = Release|Win32
		{87C1CC93-55B2-4E03-93F6-75BA6CF4BA1A}.Release|x86.Build.0 = Release|Win32
		{6BC68FFF-D6CD-420C-A02A-11D00C59FCE8}.Debug|x64.ActiveCfg = Debug|x64
		{6BC68FFF-D6CD-420C-A02A-11D00C59FCE8}.Debug|x64.Build.0 = Debug|x64
		{6BC68FFF-D6CD-420C-A02A-11D00C59FCE8}.Debug|x86.ActiveCfg = Debug|Win32
		{6BC68FFF-D6CD-420C-A02A-11D00C59FCE8}.Debug|x86.Build.0 = Debug|Win32
		{6BC68FFF-D6CD-420C-A02A-11D00C59FCE8}.Release|x64.ActiveCfg = Release|x64
		{6BC68FFF-D6CD-420C-A02A-11D00C59FCE8}.Release|x64.Build.0 = Release|x64
		{6BC68FFF-D6CD-420C-A02A-11D00C59FCE8}.Release|x86.ActiveCfg = Release|Win32
		{6BC68FFF-D6CD-420C-A02A-11D00C59FCE8}.Release|x86.Build.0 = Release|Win32
		{3A530FD6-9F62-4DA3-9052-C84981182779}.Debug|x64.ActiveCfg = Debug|x64
		{3A530FD6-9F62-4DA3-9052-C84981182779}.Debug|x64.Build.0 = Debug|x64
		{3A530FD6-9F62-4DA3-9052-C84981182779}.Debug|x86.ActiveCfg = Debug|Win32
		{3A530FD6-9F62-4DA3-9052-C84981182779}.Debug|x86.Build.0 = Debug|Win32
		{3A530FD6-9F62-4DA3-9052-C84981182779}.Release|x64.ActiveCfg = Release|x64
		{3A530FD6-9F62-4DA3-9052-C84981182779}.Release|x64.Build.0 = Release|x64
		{3A530FD6-9F62-4DA3-9052-C84981182779}.Release|x86.ActiveCfg = Release|Win32
		{3A530FD6-9F62-4DA3-9052-C84981182779}.Release|x86.Build.0 = Release|Win32
		{71849D88-41EA-4509-8F59-A97EF3F7425A}.Debug|x64.ActiveCfg = Debug|x64
		{71849D88-41EA-4509-8F59-A97EF3F7425A}.Debug|x64.Build.0 = Debug|x64
		{71849D88-41EA-4509-8F59-A97EF3F7425A}.Debug|x86.ActiveCfg = Debug|Win32
		{71849D88-41EA-4509-8F59-A97EF3F7425A}.Debug|x86.Build.0 = Debug|Win32
		{71849D88-41EA-4509-8F59-A97EF3F7425A}.Release|x64.ActiveCfg = Release|x64
		{71849D88-41EA-4509-8F59-A97EF3F7425A}.Release|x64.Build.0 = Release|x64
		{71849D88-41EA-4509-8F59-A97EF3F7425A}.Release|x86.ActiveCfg = Release|Win32
		{71849D88-41EA-4509-8F59-A97EF3F7425A}.Release|x86.Build.0 = Release|Win32
	EndGlobalSection
	GlobalSection(SolutionProperties) = preSolution
		HideSolutionNode = FALSE
	EndGlobalSection
	GlobalSection(NestedProjects) = preSolution
		{A3828321-6424-489C-9BBA-763ED8184D95} = {3A4F67F5-222F-4868-88EB-456F5728916E}
		{18951763-2DAC-4DEF-B107-391B3016FF2D} = {3A4F67F5-222F-4868-88EB-456F5728916E}
		{90B7887B-BB90-49AD-814D-9307ABBC75FE} = {3A4F67F5-222F-4868-88EB-456F5728916E}
		{C74E0147-5239-4598-A336-DF82E752AD44} = {3A4F67F5-222F-4868-88EB-456F5728916E}
		{214D664A-8D01-4497-8DF1-95B65D362A02} = {3A4F67F5-222F-4868-88EB-456F5728916E}
		{E19A2C9A-7854-46F6-B5AB-22BFC657229A} = {3A4F67F5-222F-4868-88EB-456F5728916E}
		{35D8B2B7-BD0E-4DDC-8D8A-9F30C9ADD82F} = {3A4F67F5-222F-4868-88EB-456F5728916E}
		{39F0473E-6695-4DA3-9945-539CFCB2FA2C} = {3A4F67F5-222F-4868-88EB-456F5728916E}
		{A3AC5F0D-DB55-462A-87B4-C454E499DA8C} = {3A4F67F5-222F-4868-88EB-456F5728916E}
		{07F6440B-5D64-4B64-852F-E6BEF2168115} = {3A4F67F5-222F-4868-88EB-456F5728916E}
		{8D9102A1-771D-4C75-B7BC-FFC1068DCF4C} = {3A4F67F5-222F-4868-88EB-456F5728916E}
		{98B972AA-7008-4BE9-8E5E-0C777020B5F0} = {3A4F67F5-222F-4868-88EB-456F5728916E}
		{8549C460-4CC3-4F8F-983C-2A9E00B4DEFF} = {3A4F67F5-222F-4868-88EB-456F5728916E}
		{4C9AC691-B7CF-4781-9AE3-90EA0ADD985E} = {3A4F67F5-222F-4868-88EB-456F5728916E}
		{FCFBDD48-4613-4F20-AC7E-F81B562CD156} = {3A4F67F5-222F-4868-88EB-456F5728916E}
		{ABE4B5C8-68E8-43DD-8F3D-2AB50BA16153} = {3A4F67F5-222F-4868-88EB-456F5728916E}
		{87C1CC93-55B2-4E03-93F6-75BA6CF4BA1A} = {3A4F67F5-222F-4868-88EB-456F5728916E}
		{6BC68FFF-D6CD-420C-A02A-11D00C59FCE8} = {3A4F67F5-222F-4868-88EB-456F5728916E}
		{3A530FD6-9F62-4DA3-9052-C84981182779} = {3A4F67F5-222F-4868-88EB-456F5728916E}
		{71849D88-41EA-4509-8F59-A97EF3F7425A} = {3A4F67F5-222F-4868-88EB-456F5728916E}
	EndGlobalSection
	GlobalSection(ExtensibilityGlobals) = postSolution
		SolutionGuid = {AD393D5E-587A-45BC-B018-F2D07CAE5E17}
	EndGlobalSection
EndGlobal
